{
    "version": 3,
    "terraform_version": "0.11.13",
    "serial": 7,
    "lineage": "82d1eb3d-1928-c677-0c80-f2a8a7b22c74",
    "modules": [
        {
            "path": [
                "root"
            ],
            "outputs": {},
            "resources": {
                "digitalocean_droplet.web-1": {
                    "type": "digitalocean_droplet",
                    "depends_on": [
                        "digitalocean_ssh_key.apashkouski"
                    ],
                    "primary": {
                        "id": "137812513",
                        "attributes": {
                            "backups": "false",
                            "disk": "25",
                            "id": "137812513",
                            "image": "docker-18-04",
                            "ipv4_address": "134.209.249.62",
                            "ipv4_address_private": "",
                            "ipv6": "false",
                            "ipv6_address": "",
                            "ipv6_address_private": "",
                            "locked": "false",
                            "memory": "1024",
                            "monitoring": "false",
                            "name": "web-1",
                            "price_hourly": "0.00744",
                            "price_monthly": "5",
                            "private_networking": "false",
                            "region": "fra1",
                            "resize_disk": "true",
                            "size": "s-1vcpu-1gb",
                            "ssh_keys.#": "1",
                            "ssh_keys.4249547472": "3d:93:32:f3:88:f1:ca:39:80:f4:fd:20:51:cb:2e:6f",
                            "status": "active",
                            "tags.#": "0",
                            "vcpus": "1",
                            "volume_ids.#": "0"
                        },
                        "meta": {
                            "schema_version": "1"
                        },
                        "tainted": false
                    },
                    "deposed": [],
                    "provider": "provider.digitalocean"
                },
                "digitalocean_droplet.web-2": {
                    "type": "digitalocean_droplet",
                    "depends_on": [
                        "digitalocean_ssh_key.apashkouski"
                    ],
                    "primary": {
                        "id": "137812511",
                        "attributes": {
                            "backups": "false",
                            "disk": "25",
                            "id": "137812511",
                            "image": "docker-18-04",
                            "ipv4_address": "104.248.30.17",
                            "ipv4_address_private": "",
                            "ipv6": "false",
                            "ipv6_address": "",
                            "ipv6_address_private": "",
                            "locked": "false",
                            "memory": "1024",
                            "monitoring": "false",
                            "name": "web-2",
                            "price_hourly": "0.00744",
                            "price_monthly": "5",
                            "private_networking": "false",
                            "region": "fra1",
                            "resize_disk": "true",
                            "size": "s-1vcpu-1gb",
                            "ssh_keys.#": "1",
                            "ssh_keys.4249547472": "3d:93:32:f3:88:f1:ca:39:80:f4:fd:20:51:cb:2e:6f",
                            "status": "active",
                            "tags.#": "0",
                            "vcpus": "1",
                            "volume_ids.#": "0"
                        },
                        "meta": {
                            "schema_version": "1"
                        },
                        "tainted": false
                    },
                    "deposed": [],
                    "provider": "provider.digitalocean"
                },
                "digitalocean_ssh_key.apashkouski": {
                    "type": "digitalocean_ssh_key",
                    "depends_on": [],
                    "primary": {
                        "id": "24232846",
                        "attributes": {
                            "fingerprint": "3d:93:32:f3:88:f1:ca:39:80:f4:fd:20:51:cb:2e:6f",
                            "id": "24232846",
                            "name": "apashkouski",
                            "public_key": "ssh-rsa AAAAB3NzaC1yc2EAAAADAQABAAABAQDUBmNm/8AAaq4rvfQKNBTfaP0EKYBtpeykWO+Lkyww1XSA+liWwWTGYAyH3g98PBGN+qD51bgiLxt7qC5sFlqrL8l5dE+LphkDa8MRE/Yy5spHvRdpDRWPGvgzExNpfrVDWE2yFsaitvVvtST+OKRSrw+AQmMi4wHUgjESSGTMk9LQ7Rea7GJiGgT4kxfe+XAAkykUZJWomVr9wp+lB+WVedt8h/7NRmdsiLroFbfQ/MJ6w9sAQg9lXeRADs/0k7NqVfzyKzbIw6DKlsgiZt7SLkt4Waj8ghmiUwF15Wt6z39pbReFA/sSITaYPDL7ZgXCooosSI+fQqoKI/6ql1EF apashkouski@apashkouski.minsk.epam.com"
                        },
                        "meta": {},
                        "tainted": false
                    },
                    "deposed": [],
                    "provider": "provider.digitalocean"
                }
            },
            "depends_on": []
        }
    ]
}
